
Microsoft Visual Studio Solution File, Format Version 12.00
# Visual Studio Version 17
VisualStudioVersion = 17.4.33213.308
MinimumVisualStudioVersion = 10.0.40219.1
Project("{FAE04EC0-301F-11D3-BF4B-00C04F79EFBC}") = "NZWalks.API", "NZWalks.API\NZWalks.API.csproj", "{942A61DF-15C4-4F1D-812E-6DF7147C3822}"
EndProject
Global
	GlobalSection(SolutionConfigurationPlatforms) = preSolution
		Debug|Any CPU = Debug|Any CPU
		Release|Any CPU = Release|Any CPU
	EndGlobalSection
	GlobalSection(ProjectConfigurationPlatforms) = postSolution
		{942A61DF-15C4-4F1D-812E-6DF7147C3822}.Debug|Any CPU.ActiveCfg = Debug|Any CPU
		{942A61DF-15C4-4F1D-812E-6DF7147C3822}.Debug|Any CPU.Build.0 = Debug|Any CPU
		{942A61DF-15C4-4F1D-812E-6DF7147C3822}.Release|Any CPU.ActiveCfg = Release|Any CPU
		{942A61DF-15C4-4F1D-812E-6DF7147C3822}.Release|Any CPU.Build.0 = Release|Any CPU
	EndGlobalSection
	GlobalSection(SolutionProperties) = preSolution
		HideSolutionNode = FALSE
	EndGlobalSection
	GlobalSection(ExtensibilityGlobals) = postSolution
		SolutionGuid = {B659BA49-D314-4947-AB5F-F6FA60892144}
	EndGlobalSection
EndGlobal
